
Microsoft Visual Studio Solution File, Format Version 12.00
# Visual Studio 2012
Project("{FAE04EC0-301F-11D3-BF4B-00C04F79EFBC}") = "BizzyQuote", "BizzyQuote\BizzyQuote.csproj", "{1BE7F5C3-A1B8-4172-A4F7-EC14BFF8716F}"
EndProject
Project("{FAE04EC0-301F-11D3-BF4B-00C04F79EFBC}") = "BizzyQuote.Tests", "BizzyQuote.Tests\BizzyQuote.Tests.csproj", "{C14F110A-1E95-42AA-8D45-7B8A77FAA5C3}"
EndProject
Project("{FAE04EC0-301F-11D3-BF4B-00C04F79EFBC}") = "BizzyQuote.Data", "BizzyQuote.Data\BizzyQuote.Data.csproj", "{B8118EA1-67CF-4D07-8B3A-958260CBDF31}"
EndProject
Project("{FAE04EC0-301F-11D3-BF4B-00C04F79EFBC}") = "BizzyQuote.Core", "BizzyQuote.Core\BizzyQuote.Core.csproj", "{BD36C605-5545-4B2F-A7D7-B79D9AC27279}"
EndProject
Global
	GlobalSection(SolutionConfigurationPlatforms) = preSolution
		Debug|Any CPU = Debug|Any CPU
		Release|Any CPU = Release|Any CPU
	EndGlobalSection
	GlobalSection(ProjectConfigurationPlatforms) = postSolution
		{1BE7F5C3-A1B8-4172-A4F7-EC14BFF8716F}.Debug|Any CPU.ActiveCfg = Debug|Any CPU
		{1BE7F5C3-A1B8-4172-A4F7-EC14BFF8716F}.Debug|Any CPU.Build.0 = Debug|Any CPU
		{1BE7F5C3-A1B8-4172-A4F7-EC14BFF8716F}.Release|Any CPU.ActiveCfg = Release|Any CPU
		{1BE7F5C3-A1B8-4172-A4F7-EC14BFF8716F}.Release|Any CPU.Build.0 = Release|Any CPU
		{C14F110A-1E95-42AA-8D45-7B8A77FAA5C3}.Debug|Any CPU.ActiveCfg = Debug|Any CPU
		{C14F110A-1E95-42AA-8D45-7B8A77FAA5C3}.Debug|Any CPU.Build.0 = Debug|Any CPU
		{C14F110A-1E95-42AA-8D45-7B8A77FAA5C3}.Release|Any CPU.ActiveCfg = Release|Any CPU
		{C14F110A-1E95-42AA-8D45-7B8A77FAA5C3}.Release|Any CPU.Build.0 = Release|Any CPU
		{B8118EA1-67CF-4D07-8B3A-958260CBDF31}.Debug|Any CPU.ActiveCfg = Debug|Any CPU
		{B8118EA1-67CF-4D07-8B3A-958260CBDF31}.Debug|Any CPU.Build.0 = Debug|Any CPU
		{B8118EA1-67CF-4D07-8B3A-958260CBDF31}.Release|Any CPU.ActiveCfg = Release|Any CPU
		{B8118EA1-67CF-4D07-8B3A-958260CBDF31}.Release|Any CPU.Build.0 = Release|Any CPU
		{BD36C605-5545-4B2F-A7D7-B79D9AC27279}.Debug|Any CPU.ActiveCfg = Debug|Any CPU
		{BD36C605-5545-4B2F-A7D7-B79D9AC27279}.Debug|Any CPU.Build.0 = Debug|Any CPU
		{BD36C605-5545-4B2F-A7D7-B79D9AC27279}.Release|Any CPU.ActiveCfg = Release|Any CPU
		{BD36C605-5545-4B2F-A7D7-B79D9AC27279}.Release|Any CPU.Build.0 = Release|Any CPU
	EndGlobalSection
	GlobalSection(SolutionProperties) = preSolution
		HideSolutionNode = FALSE
	EndGlobalSection
EndGlobal
